
Microsoft Visual Studio Solution File, Format Version 12.00
# Visual Studio Version 16
VisualStudioVersion = 16.0.31911.196
MinimumVisualStudioVersion = 10.0.40219.1
Project("{9A19103F-16F7-4668-BE54-9A1E7A4F7556}") = "CoreWebAPI", "CoreWebAPI.csproj", "{352DCBCE-35B2-4A97-B6B1-6E3831A49FBE}"
EndProject
Project("{E53339B2-1760-4266-BCC7-CA923CBCF16C}") = "docker-compose", "docker-compose.dcproj", "{46792572-904B-445C-A6F3-A9D54D3B5FC8}"
EndProject
Global
	GlobalSection(SolutionConfigurationPlatforms) = preSolution
		Debug|Any CPU = Debug|Any CPU
		Release|Any CPU = Release|Any CPU
	EndGlobalSection
	GlobalSection(ProjectConfigurationPlatforms) = postSolution
		{352DCBCE-35B2-4A97-B6B1-6E3831A49FBE}.Debug|Any CPU.ActiveCfg = Debug|Any CPU
		{352DCBCE-35B2-4A97-B6B1-6E3831A49FBE}.Debug|Any CPU.Build.0 = Debug|Any CPU
		{352DCBCE-35B2-4A97-B6B1-6E3831A49FBE}.Release|Any CPU.ActiveCfg = Release|Any CPU
		{352DCBCE-35B2-4A97-B6B1-6E3831A49FBE}.Release|Any CPU.Build.0 = Release|Any CPU
		{46792572-904B-445C-A6F3-A9D54D3B5FC8}.Debug|Any CPU.ActiveCfg = Debug|Any CPU
		{46792572-904B-445C-A6F3-A9D54D3B5FC8}.Debug|Any CPU.Build.0 = Debug|Any CPU
		{46792572-904B-445C-A6F3-A9D54D3B5FC8}.Release|Any CPU.ActiveCfg = Release|Any CPU
		{46792572-904B-445C-A6F3-A9D54D3B5FC8}.Release|Any CPU.Build.0 = Release|Any CPU
	EndGlobalSection
	GlobalSection(SolutionProperties) = preSolution
		HideSolutionNode = FALSE
	EndGlobalSection
	GlobalSection(ExtensibilityGlobals) = postSolution
		SolutionGuid = {FBE92369-4AAC-4C0F-A8D0-FB1AEB2DD2E5}
	EndGlobalSection
EndGlobal
